
Microsoft Visual Studio Solution File, Format Version 12.00
# Visual Studio Version 16
VisualStudioVersion = 16.0.30128.36
MinimumVisualStudioVersion = 10.0.40219.1
Project("{9A19103F-16F7-4668-BE54-9A1E7A4F7556}") = "ImageHighlighter", "ImageHighlighter\ImageHighlighter.csproj", "{AD95386F-F690-4618-8B01-08CC72F29017}"
EndProject
Global
	GlobalSection(SolutionConfigurationPlatforms) = preSolution
		Debug|Any CPU = Debug|Any CPU
		Release|Any CPU = Release|Any CPU
	EndGlobalSection
	GlobalSection(ProjectConfigurationPlatforms) = postSolution
		{AD95386F-F690-4618-8B01-08CC72F29017}.Debug|Any CPU.ActiveCfg = Debug|Any CPU
		{AD95386F-F690-4618-8B01-08CC72F29017}.Debug|Any CPU.Build.0 = Debug|Any CPU
		{AD95386F-F690-4618-8B01-08CC72F29017}.Release|Any CPU.ActiveCfg = Release|Any CPU
		{AD95386F-F690-4618-8B01-08CC72F29017}.Release|Any CPU.Build.0 = Release|Any CPU
	EndGlobalSection
	GlobalSection(SolutionProperties) = preSolution
		HideSolutionNode = FALSE
	EndGlobalSection
	GlobalSection(ExtensibilityGlobals) = postSolution
		SolutionGuid = {6054D2BE-3BE2-43DD-8BB5-690EF70B92E3}
	EndGlobalSection
EndGlobal
